
Microsoft Visual Studio Solution File, Format Version 12.00
# Visual Studio Version 16
VisualStudioVersion = 16.0.31129.286
MinimumVisualStudioVersion = 10.0.40219.1
Project("{FAE04EC0-301F-11D3-BF4B-00C04F79EFBC}") = "Treenamer", "TreeNamer\Treenamer.csproj", "{B1697233-8567-4015-9BAC-3254C19FF6F5}"
EndProject
Global
	GlobalSection(SolutionConfigurationPlatforms) = preSolution
		Debug|Any CPU = Debug|Any CPU
		Release|Any CPU = Release|Any CPU
	EndGlobalSection
	GlobalSection(ProjectConfigurationPlatforms) = postSolution
		{B1697233-8567-4015-9BAC-3254C19FF6F5}.Debug|Any CPU.ActiveCfg = Debug|Any CPU
		{B1697233-8567-4015-9BAC-3254C19FF6F5}.Debug|Any CPU.Build.0 = Debug|Any CPU
		{B1697233-8567-4015-9BAC-3254C19FF6F5}.Release|Any CPU.ActiveCfg = Release|Any CPU
		{B1697233-8567-4015-9BAC-3254C19FF6F5}.Release|Any CPU.Build.0 = Release|Any CPU
	EndGlobalSection
	GlobalSection(SolutionProperties) = preSolution
		HideSolutionNode = FALSE
	EndGlobalSection
	GlobalSection(ExtensibilityGlobals) = postSolution
		SolutionGuid = {5A7CD98E-A942-427D-9B5B-F62FBA260DFD}
	EndGlobalSection
EndGlobal
